
Microsoft Visual Studio Solution File, Format Version 12.00
# Visual Studio Version 16
VisualStudioVersion = 16.0.30711.63
MinimumVisualStudioVersion = 10.0.40219.1
Project("{2150E333-8FDC-42A3-9474-1A3956D46DE8}") = "_", "_", "{9E6982C1-D973-42F2-9C4E-917B7C99959C}"
	ProjectSection(SolutionItems) = preProject
		ReadMe.txt = ReadMe.txt
	EndProjectSection
EndProject
Project("{2150E333-8FDC-42A3-9474-1A3956D46DE8}") = "00", "00", "{82AF7D7E-F84B-414C-9E90-8C5EE4E12A8C}"
EndProject
Project("{2150E333-8FDC-42A3-9474-1A3956D46DE8}") = "02", "02", "{E596B78F-814A-4CFB-8F0B-ED2E40437B2B}"
EndProject
Project("{2150E333-8FDC-42A3-9474-1A3956D46DE8}") = "03", "03", "{9AEEFE13-C52B-4642-8196-26A356BDA2F9}"
EndProject
Project("{2150E333-8FDC-42A3-9474-1A3956D46DE8}") = "04", "04", "{84D62B00-4757-4F8B-8B96-715A08264160}"
EndProject
Project("{FAE04EC0-301F-11D3-BF4B-00C04F79EFBC}") = "Zapakiravanje", "Zapakiravanje\Zapakiravanje.csproj", "{BE4BA48E-BA83-46AE-9C23-C88250DA2716}"
EndProject
Project("{FAE04EC0-301F-11D3-BF4B-00C04F79EFBC}") = "Otpakiravanje", "Otpakiravanje\Otpakiravanje.csproj", "{6696CC57-AF98-4546-9CA1-028A0CEFAF8D}"
EndProject
Project("{FAE04EC0-301F-11D3-BF4B-00C04F79EFBC}") = "GeneričkaLista", "GeneričkaLista\GeneričkaLista.csproj", "{320AACC6-C70B-43F0-8750-A494DF7C8FEC}"
EndProject
Project("{FAE04EC0-301F-11D3-BF4B-00C04F79EFBC}") = "Testovi", "Testovi\Testovi.csproj", "{A8F75495-E71E-4E99-8B1A-6C44DFDE7913}"
EndProject
Project("{FAE04EC0-301F-11D3-BF4B-00C04F79EFBC}") = "Pridruživanje", "Pridruživanje\Pridruživanje.csproj", "{619D3E2D-90DF-4605-B6F7-F98D1CF4ED48}"
EndProject
Project("{FAE04EC0-301F-11D3-BF4B-00C04F79EFBC}") = "UtjecajGCa", "UtjecajGCa\UtjecajGCa.csproj", "{5C533ECE-6E69-4CE6-9A78-CC634C514CB8}"
EndProject
Project("{2150E333-8FDC-42A3-9474-1A3956D46DE8}") = "01", "01", "{A6251059-7664-46D8-BE40-EDEC1DA7F4BE}"
EndProject
Global
	GlobalSection(SolutionConfigurationPlatforms) = preSolution
		Debug|Any CPU = Debug|Any CPU
		Release|Any CPU = Release|Any CPU
	EndGlobalSection
	GlobalSection(ProjectConfigurationPlatforms) = postSolution
		{BE4BA48E-BA83-46AE-9C23-C88250DA2716}.Debug|Any CPU.ActiveCfg = Debug|Any CPU
		{BE4BA48E-BA83-46AE-9C23-C88250DA2716}.Debug|Any CPU.Build.0 = Debug|Any CPU
		{BE4BA48E-BA83-46AE-9C23-C88250DA2716}.Release|Any CPU.ActiveCfg = Release|Any CPU
		{BE4BA48E-BA83-46AE-9C23-C88250DA2716}.Release|Any CPU.Build.0 = Release|Any CPU
		{6696CC57-AF98-4546-9CA1-028A0CEFAF8D}.Debug|Any CPU.ActiveCfg = Debug|Any CPU
		{6696CC57-AF98-4546-9CA1-028A0CEFAF8D}.Debug|Any CPU.Build.0 = Debug|Any CPU
		{6696CC57-AF98-4546-9CA1-028A0CEFAF8D}.Release|Any CPU.ActiveCfg = Release|Any CPU
		{6696CC57-AF98-4546-9CA1-028A0CEFAF8D}.Release|Any CPU.Build.0 = Release|Any CPU
		{320AACC6-C70B-43F0-8750-A494DF7C8FEC}.Debug|Any CPU.ActiveCfg = Debug|Any CPU
		{320AACC6-C70B-43F0-8750-A494DF7C8FEC}.Debug|Any CPU.Build.0 = Debug|Any CPU
		{320AACC6-C70B-43F0-8750-A494DF7C8FEC}.Release|Any CPU.ActiveCfg = Release|Any CPU
		{320AACC6-C70B-43F0-8750-A494DF7C8FEC}.Release|Any CPU.Build.0 = Release|Any CPU
		{A8F75495-E71E-4E99-8B1A-6C44DFDE7913}.Debug|Any CPU.ActiveCfg = Debug|Any CPU
		{A8F75495-E71E-4E99-8B1A-6C44DFDE7913}.Debug|Any CPU.Build.0 = Debug|Any CPU
		{A8F75495-E71E-4E99-8B1A-6C44DFDE7913}.Release|Any CPU.ActiveCfg = Release|Any CPU
		{A8F75495-E71E-4E99-8B1A-6C44DFDE7913}.Release|Any CPU.Build.0 = Release|Any CPU
		{619D3E2D-90DF-4605-B6F7-F98D1CF4ED48}.Debug|Any CPU.ActiveCfg = Debug|Any CPU
		{619D3E2D-90DF-4605-B6F7-F98D1CF4ED48}.Debug|Any CPU.Build.0 = Debug|Any CPU
		{619D3E2D-90DF-4605-B6F7-F98D1CF4ED48}.Release|Any CPU.ActiveCfg = Release|Any CPU
		{619D3E2D-90DF-4605-B6F7-F98D1CF4ED48}.Release|Any CPU.Build.0 = Release|Any CPU
		{5C533ECE-6E69-4CE6-9A78-CC634C514CB8}.Debug|Any CPU.ActiveCfg = Debug|Any CPU
		{5C533ECE-6E69-4CE6-9A78-CC634C514CB8}.Debug|Any CPU.Build.0 = Debug|Any CPU
		{5C533ECE-6E69-4CE6-9A78-CC634C514CB8}.Release|Any CPU.ActiveCfg = Release|Any CPU
		{5C533ECE-6E69-4CE6-9A78-CC634C514CB8}.Release|Any CPU.Build.0 = Release|Any CPU
	EndGlobalSection
	GlobalSection(SolutionProperties) = preSolution
		HideSolutionNode = FALSE
	EndGlobalSection
	GlobalSection(NestedProjects) = preSolution
		{BE4BA48E-BA83-46AE-9C23-C88250DA2716} = {E596B78F-814A-4CFB-8F0B-ED2E40437B2B}
		{6696CC57-AF98-4546-9CA1-028A0CEFAF8D} = {9AEEFE13-C52B-4642-8196-26A356BDA2F9}
		{320AACC6-C70B-43F0-8750-A494DF7C8FEC} = {84D62B00-4757-4F8B-8B96-715A08264160}
		{619D3E2D-90DF-4605-B6F7-F98D1CF4ED48} = {82AF7D7E-F84B-414C-9E90-8C5EE4E12A8C}
		{5C533ECE-6E69-4CE6-9A78-CC634C514CB8} = {A6251059-7664-46D8-BE40-EDEC1DA7F4BE}
	EndGlobalSection
	GlobalSection(ExtensibilityGlobals) = postSolution
		SolutionGuid = {6B1B24FD-DF07-4719-A958-1400C674DE10}
	EndGlobalSection
EndGlobal
