
Microsoft Visual Studio Solution File, Format Version 12.00
# Visual Studio Version 17
VisualStudioVersion = 17.4.33103.184
MinimumVisualStudioVersion = 10.0.40219.1
Project("{2150E333-8FDC-42A3-9474-1A3956D46DE8}") = "_", "_", "{9E6982C1-D973-42F2-9C4E-917B7C99959C}"
	ProjectSection(SolutionItems) = preProject
		ReadMe.txt = ReadMe.txt
	EndProjectSection
EndProject
Project("{2150E333-8FDC-42A3-9474-1A3956D46DE8}") = "00", "00", "{82AF7D7E-F84B-414C-9E90-8C5EE4E12A8C}"
EndProject
Project("{2150E333-8FDC-42A3-9474-1A3956D46DE8}") = "02", "02", "{E596B78F-814A-4CFB-8F0B-ED2E40437B2B}"
EndProject
Project("{2150E333-8FDC-42A3-9474-1A3956D46DE8}") = "03", "03", "{9AEEFE13-C52B-4642-8196-26A356BDA2F9}"
EndProject
Project("{2150E333-8FDC-42A3-9474-1A3956D46DE8}") = "04", "04", "{84D62B00-4757-4F8B-8B96-715A08264160}"
EndProject
Project("{2150E333-8FDC-42A3-9474-1A3956D46DE8}") = "01", "01", "{A6251059-7664-46D8-BE40-EDEC1DA7F4BE}"
EndProject
Project("{FAE04EC0-301F-11D3-BF4B-00C04F79EFBC}") = "Pridruživanje", "Pridruživanje\Pridruživanje.csproj", "{E97A171E-7CD1-40BB-BF68-5BE872F2A3A0}"
EndProject
Project("{FAE04EC0-301F-11D3-BF4B-00C04F79EFBC}") = "UtjecajGCa", "UtjecajGCa\UtjecajGCa.csproj", "{C34E4016-5449-4D85-92FA-093387E1CBD3}"
EndProject
Project("{FAE04EC0-301F-11D3-BF4B-00C04F79EFBC}") = "Zapakiravanje", "Zapakiravanje\Zapakiravanje.csproj", "{AA7574AE-483B-43D1-91E2-58FB9A52427A}"
EndProject
Project("{FAE04EC0-301F-11D3-BF4B-00C04F79EFBC}") = "Otpakiravanje", "Otpakiravanje\Otpakiravanje.csproj", "{EEA1A127-0E90-45FB-B7C0-9C1C4CDC5A70}"
EndProject
Project("{FAE04EC0-301F-11D3-BF4B-00C04F79EFBC}") = "GeneričkaLista", "GeneričkaLista\GeneričkaLista.csproj", "{68FCE02D-AD2B-4EDB-AE18-F7A425A540B0}"
EndProject
Project("{FAE04EC0-301F-11D3-BF4B-00C04F79EFBC}") = "Testovi", "Testovi\Testovi.csproj", "{10BCD77A-3770-4DCB-BDBA-1977113E93E7}"
EndProject
Project("{2150E333-8FDC-42A3-9474-1A3956D46DE8}") = "05", "05", "{3EE002A8-7B1B-41D6-A982-BB373BA4F6A2}"
EndProject
Project("{2150E333-8FDC-42A3-9474-1A3956D46DE8}") = "06", "06", "{9A68732C-B674-46C1-9B16-6C5C678C007D}"
EndProject
Project("{FAE04EC0-301F-11D3-BF4B-00C04F79EFBC}") = "DeklaracijaInicijalizacija", "DeklaracijaInicijalizacija\DeklaracijaInicijalizacija.csproj", "{6160DBF8-B3C6-48DF-93B6-9715EF152C1D}"
EndProject
Project("{FAE04EC0-301F-11D3-BF4B-00C04F79EFBC}") = "Nasljeđivanje", "Nasljeđivanje\Nasljeđivanje.csproj", "{016816F1-8B5B-427D-B928-BF7CAA98E80B}"
EndProject
Global
	GlobalSection(SolutionConfigurationPlatforms) = preSolution
		Debug|Any CPU = Debug|Any CPU
		Release|Any CPU = Release|Any CPU
	EndGlobalSection
	GlobalSection(ProjectConfigurationPlatforms) = postSolution
		{E97A171E-7CD1-40BB-BF68-5BE872F2A3A0}.Debug|Any CPU.ActiveCfg = Debug|Any CPU
		{E97A171E-7CD1-40BB-BF68-5BE872F2A3A0}.Debug|Any CPU.Build.0 = Debug|Any CPU
		{E97A171E-7CD1-40BB-BF68-5BE872F2A3A0}.Release|Any CPU.ActiveCfg = Release|Any CPU
		{E97A171E-7CD1-40BB-BF68-5BE872F2A3A0}.Release|Any CPU.Build.0 = Release|Any CPU
		{C34E4016-5449-4D85-92FA-093387E1CBD3}.Debug|Any CPU.ActiveCfg = Debug|Any CPU
		{C34E4016-5449-4D85-92FA-093387E1CBD3}.Debug|Any CPU.Build.0 = Debug|Any CPU
		{C34E4016-5449-4D85-92FA-093387E1CBD3}.Release|Any CPU.ActiveCfg = Release|Any CPU
		{C34E4016-5449-4D85-92FA-093387E1CBD3}.Release|Any CPU.Build.0 = Release|Any CPU
		{AA7574AE-483B-43D1-91E2-58FB9A52427A}.Debug|Any CPU.ActiveCfg = Debug|Any CPU
		{AA7574AE-483B-43D1-91E2-58FB9A52427A}.Debug|Any CPU.Build.0 = Debug|Any CPU
		{AA7574AE-483B-43D1-91E2-58FB9A52427A}.Release|Any CPU.ActiveCfg = Release|Any CPU
		{AA7574AE-483B-43D1-91E2-58FB9A52427A}.Release|Any CPU.Build.0 = Release|Any CPU
		{EEA1A127-0E90-45FB-B7C0-9C1C4CDC5A70}.Debug|Any CPU.ActiveCfg = Debug|Any CPU
		{EEA1A127-0E90-45FB-B7C0-9C1C4CDC5A70}.Debug|Any CPU.Build.0 = Debug|Any CPU
		{EEA1A127-0E90-45FB-B7C0-9C1C4CDC5A70}.Release|Any CPU.ActiveCfg = Release|Any CPU
		{EEA1A127-0E90-45FB-B7C0-9C1C4CDC5A70}.Release|Any CPU.Build.0 = Release|Any CPU
		{68FCE02D-AD2B-4EDB-AE18-F7A425A540B0}.Debug|Any CPU.ActiveCfg = Debug|Any CPU
		{68FCE02D-AD2B-4EDB-AE18-F7A425A540B0}.Debug|Any CPU.Build.0 = Debug|Any CPU
		{68FCE02D-AD2B-4EDB-AE18-F7A425A540B0}.Release|Any CPU.ActiveCfg = Release|Any CPU
		{68FCE02D-AD2B-4EDB-AE18-F7A425A540B0}.Release|Any CPU.Build.0 = Release|Any CPU
		{10BCD77A-3770-4DCB-BDBA-1977113E93E7}.Debug|Any CPU.ActiveCfg = Debug|Any CPU
		{10BCD77A-3770-4DCB-BDBA-1977113E93E7}.Debug|Any CPU.Build.0 = Debug|Any CPU
		{10BCD77A-3770-4DCB-BDBA-1977113E93E7}.Release|Any CPU.ActiveCfg = Release|Any CPU
		{10BCD77A-3770-4DCB-BDBA-1977113E93E7}.Release|Any CPU.Build.0 = Release|Any CPU
		{6160DBF8-B3C6-48DF-93B6-9715EF152C1D}.Debug|Any CPU.ActiveCfg = Debug|Any CPU
		{6160DBF8-B3C6-48DF-93B6-9715EF152C1D}.Debug|Any CPU.Build.0 = Debug|Any CPU
		{6160DBF8-B3C6-48DF-93B6-9715EF152C1D}.Release|Any CPU.ActiveCfg = Release|Any CPU
		{6160DBF8-B3C6-48DF-93B6-9715EF152C1D}.Release|Any CPU.Build.0 = Release|Any CPU
		{016816F1-8B5B-427D-B928-BF7CAA98E80B}.Debug|Any CPU.ActiveCfg = Debug|Any CPU
		{016816F1-8B5B-427D-B928-BF7CAA98E80B}.Debug|Any CPU.Build.0 = Debug|Any CPU
		{016816F1-8B5B-427D-B928-BF7CAA98E80B}.Release|Any CPU.ActiveCfg = Release|Any CPU
		{016816F1-8B5B-427D-B928-BF7CAA98E80B}.Release|Any CPU.Build.0 = Release|Any CPU
	EndGlobalSection
	GlobalSection(SolutionProperties) = preSolution
		HideSolutionNode = FALSE
	EndGlobalSection
	GlobalSection(NestedProjects) = preSolution
		{E97A171E-7CD1-40BB-BF68-5BE872F2A3A0} = {E596B78F-814A-4CFB-8F0B-ED2E40437B2B}
		{C34E4016-5449-4D85-92FA-093387E1CBD3} = {9AEEFE13-C52B-4642-8196-26A356BDA2F9}
		{AA7574AE-483B-43D1-91E2-58FB9A52427A} = {84D62B00-4757-4F8B-8B96-715A08264160}
		{EEA1A127-0E90-45FB-B7C0-9C1C4CDC5A70} = {3EE002A8-7B1B-41D6-A982-BB373BA4F6A2}
		{68FCE02D-AD2B-4EDB-AE18-F7A425A540B0} = {9A68732C-B674-46C1-9B16-6C5C678C007D}
		{6160DBF8-B3C6-48DF-93B6-9715EF152C1D} = {82AF7D7E-F84B-414C-9E90-8C5EE4E12A8C}
		{016816F1-8B5B-427D-B928-BF7CAA98E80B} = {A6251059-7664-46D8-BE40-EDEC1DA7F4BE}
	EndGlobalSection
	GlobalSection(ExtensibilityGlobals) = postSolution
		SolutionGuid = {6B1B24FD-DF07-4719-A958-1400C674DE10}
	EndGlobalSection
EndGlobal
